{
  "name": "interviews",
  "version": "1.0.0",
  "lockfileVersion": 1,
  "requires": true,
  "dependencies": {
    "@thi.ng/checks": {
      "version": "2.5.4",
      "resolved": "https://registry.npmjs.org/@thi.ng/checks/-/checks-2.5.4.tgz",
      "integrity": "sha512-3TSS7aLszIAqpYa3VHsm6mB3pNV0TwTr+CM1fxS3MrTtBxqTeiE3L2xjPau1LjhmtU+/NlqudTblvZfva6nGSA=="
    },
    "@thi.ng/errors": {
      "version": "1.2.7",
      "resolved": "https://registry.npmjs.org/@thi.ng/errors/-/errors-1.2.7.tgz",
      "integrity": "sha512-xbS999Jz3QI6JyxLNHMyBthsPwiGUpc442f+O87MPWyuAeb6xVCHdlArixTHQFr2ilKgc6GBGhWS+4OxH7xbUg=="
    },
    "@thi.ng/paths": {
      "version": "3.0.5",
      "resolved": "https://registry.npmjs.org/@thi.ng/paths/-/paths-3.0.5.tgz",
      "integrity": "sha512-hopVQlQchA1YWBf7eeYzL21mI85zsbpC0QltnUKXjLfZw+Y6JN9J+uLxUBPfxJ69Y+Ko1ZwnWeLMpFKnYLC1Yw==",
      "requires": {
        "@thi.ng/checks": "^2.5.4",
        "@thi.ng/errors": "^1.2.7"
      }
    }
  }
}
